
Microsoft Visual Studio Solution File, Format Version 12.00
# Visual Studio Version 17
VisualStudioVersion = 17.9.34607.119
MinimumVisualStudioVersion = 10.0.40219.1
Project("{FAE04EC0-301F-11D3-BF4B-00C04F79EFBC}") = "ASPProjectFinal", "ASPProjectFinal.csproj", "{2C13B147-CE02-43A3-8960-954BF822FDBA}"
EndProject
Global
	GlobalSection(SolutionConfigurationPlatforms) = preSolution
		Debug|Any CPU = Debug|Any CPU
		Release|Any CPU = Release|Any CPU
	EndGlobalSection
	GlobalSection(ProjectConfigurationPlatforms) = postSolution
		{2C13B147-CE02-43A3-8960-954BF822FDBA}.Debug|Any CPU.ActiveCfg = Debug|Any CPU
		{2C13B147-CE02-43A3-8960-954BF822FDBA}.Debug|Any CPU.Build.0 = Debug|Any CPU
		{2C13B147-CE02-43A3-8960-954BF822FDBA}.Release|Any CPU.ActiveCfg = Release|Any CPU
		{2C13B147-CE02-43A3-8960-954BF822FDBA}.Release|Any CPU.Build.0 = Release|Any CPU
	EndGlobalSection
	GlobalSection(SolutionProperties) = preSolution
		HideSolutionNode = FALSE
	EndGlobalSection
	GlobalSection(ExtensibilityGlobals) = postSolution
		SolutionGuid = {BD2F1E0B-81BC-4EDC-8B25-77418545C54E}
	EndGlobalSection
EndGlobal
